
Microsoft Visual Studio Solution File, Format Version 12.00
# Visual Studio Version 17
VisualStudioVersion = 17.1.32228.430
MinimumVisualStudioVersion = 10.0.40219.1
Project("{FAE04EC0-301F-11D3-BF4B-00C04F79EFBC}") = "loophomework", "loop homework\loophomework.csproj", "{8F7799DF-DB08-45A3-833D-355D3DE98FB2}"
EndProject
Project("{FAE04EC0-301F-11D3-BF4B-00C04F79EFBC}") = "Day2", "Day2\Day2.csproj", "{402F9BCD-1943-4B92-887F-09BA7534F81D}"
EndProject
Global
	GlobalSection(SolutionConfigurationPlatforms) = preSolution
		Debug|Any CPU = Debug|Any CPU
		Release|Any CPU = Release|Any CPU
	EndGlobalSection
	GlobalSection(ProjectConfigurationPlatforms) = postSolution
		{8F7799DF-DB08-45A3-833D-355D3DE98FB2}.Debug|Any CPU.ActiveCfg = Debug|Any CPU
		{8F7799DF-DB08-45A3-833D-355D3DE98FB2}.Debug|Any CPU.Build.0 = Debug|Any CPU
		{8F7799DF-DB08-45A3-833D-355D3DE98FB2}.Release|Any CPU.ActiveCfg = Release|Any CPU
		{8F7799DF-DB08-45A3-833D-355D3DE98FB2}.Release|Any CPU.Build.0 = Release|Any CPU
		{402F9BCD-1943-4B92-887F-09BA7534F81D}.Debug|Any CPU.ActiveCfg = Debug|Any CPU
		{402F9BCD-1943-4B92-887F-09BA7534F81D}.Debug|Any CPU.Build.0 = Debug|Any CPU
		{402F9BCD-1943-4B92-887F-09BA7534F81D}.Release|Any CPU.ActiveCfg = Release|Any CPU
		{402F9BCD-1943-4B92-887F-09BA7534F81D}.Release|Any CPU.Build.0 = Release|Any CPU
	EndGlobalSection
	GlobalSection(SolutionProperties) = preSolution
		HideSolutionNode = FALSE
	EndGlobalSection
	GlobalSection(ExtensibilityGlobals) = postSolution
		SolutionGuid = {911F33C4-1947-4F2A-82C7-6E118AD4F5C8}
	EndGlobalSection
EndGlobal
